// !$*UTF8*$!
{
	archiveVersion = 1;
	classes = {
	};
	objectVersion = 50;
	objects = {

/* Begin PBXBuildFile section */
		DF369B00262506F90031CB91 /* RecipeFeaturedView.swift in Sources */ = {isa = PBXBuildFile; fileRef = DF369AFF262506F90031CB91 /* RecipeFeaturedView.swift */; };
		DF4A2DB0262437DE009849C8 /* RecipeTabView.swift in Sources */ = {isa = PBXBuildFile; fileRef = DF4A2DAF262437DE009849C8 /* RecipeTabView.swift */; };
		DFA7712126237AF60022F226 /* Recipe_ListsApp.swift in Sources */ = {isa = PBXBuildFile; fileRef = DFA7710E26237AF50022F226 /* Recipe_ListsApp.swift */; };
		DFA7712226237AF60022F226 /* Recipe_ListsApp.swift in Sources */ = {isa = PBXBuildFile; fileRef = DFA7710E26237AF50022F226 /* Recipe_ListsApp.swift */; };
		DFA7712326237AF60022F226 /* RecipeListView.swift in Sources */ = {isa = PBXBuildFile; fileRef = DFA7710F26237AF50022F226 /* RecipeListView.swift */; };
		DFA7712426237AF60022F226 /* RecipeListView.swift in Sources */ = {isa = PBXBuildFile; fileRef = DFA7710F26237AF50022F226 /* RecipeListView.swift */; };
		DFA7712526237AF60022F226 /* Assets.xcassets in Resources */ = {isa = PBXBuildFile; fileRef = DFA7711026237AF60022F226 /* Assets.xcassets */; };
		DFA7712626237AF60022F226 /* Assets.xcassets in Resources */ = {isa = PBXBuildFile; fileRef = DFA7711026237AF60022F226 /* Assets.xcassets */; };
		DFA7713926237C980022F226 /* recipes.json in Resources */ = {isa = PBXBuildFile; fileRef = DFA7713826237C980022F226 /* recipes.json */; };
		DFA7713D26237D300022F226 /* Recipe.swift in Sources */ = {isa = PBXBuildFile; fileRef = DFA7713C26237D300022F226 /* Recipe.swift */; };
		DFA7714126237E9B0022F226 /* RecipeModel.swift in Sources */ = {isa = PBXBuildFile; fileRef = DFA7714026237E9B0022F226 /* RecipeModel.swift */; };
		DFA77147262380A80022F226 /* DataService.swift in Sources */ = {isa = PBXBuildFile; fileRef = DFA77146262380A80022F226 /* DataService.swift */; };
		DFA7714B2623874A0022F226 /* RecipeDetailView.swift in Sources */ = {isa = PBXBuildFile; fileRef = DFA7714A2623874A0022F226 /* RecipeDetailView.swift */; };
/* End PBXBuildFile section */

/* Begin PBXFileReference section */
		DF369AFF262506F90031CB91 /* RecipeFeaturedView.swift */ = {isa = PBXFileReference; lastKnownFileType = sourcecode.swift; path = RecipeFeaturedView.swift; sourceTree = "<group>"; };
		DF4A2DAF262437DE009849C8 /* RecipeTabView.swift */ = {isa = PBXFileReference; lastKnownFileType = sourcecode.swift; path = RecipeTabView.swift; sourceTree = "<group>"; };
		DFA7710E26237AF50022F226 /* Recipe_ListsApp.swift */ = {isa = PBXFileReference; lastKnownFileType = sourcecode.swift; path = Recipe_ListsApp.swift; sourceTree = "<group>"; };
		DFA7710F26237AF50022F226 /* RecipeListView.swift */ = {isa = PBXFileReference; lastKnownFileType = sourcecode.swift; path = RecipeListView.swift; sourceTree = "<group>"; };
		DFA7711026237AF60022F226 /* Assets.xcassets */ = {isa = PBXFileReference; lastKnownFileType = folder.assetcatalog; path = Assets.xcassets; sourceTree = "<group>"; };
		DFA7711526237AF60022F226 /* Recipe Lists.app */ = {isa = PBXFileReference; explicitFileType = wrapper.application; includeInIndex = 0; path = "Recipe Lists.app"; sourceTree = BUILT_PRODUCTS_DIR; };
		DFA7711826237AF60022F226 /* Info.plist */ = {isa = PBXFileReference; lastKnownFileType = text.plist.xml; path = Info.plist; sourceTree = "<group>"; };
		DFA7711D26237AF60022F226 /* Recipe Lists.app */ = {isa = PBXFileReference; explicitFileType = wrapper.application; includeInIndex = 0; path = "Recipe Lists.app"; sourceTree = BUILT_PRODUCTS_DIR; };
		DFA7711F26237AF60022F226 /* Info.plist */ = {isa = PBXFileReference; lastKnownFileType = text.plist.xml; path = Info.plist; sourceTree = "<group>"; };
		DFA7712026237AF60022F226 /* macOS.entitlements */ = {isa = PBXFileReference; lastKnownFileType = text.plist.entitlements; path = macOS.entitlements; sourceTree = "<group>"; };
		DFA7713826237C980022F226 /* recipes.json */ = {isa = PBXFileReference; fileEncoding = 4; lastKnownFileType = text.json; path = recipes.json; sourceTree = "<group>"; };
		DFA7713C26237D300022F226 /* Recipe.swift */ = {isa = PBXFileReference; lastKnownFileType = sourcecode.swift; path = Recipe.swift; sourceTree = "<group>"; };
		DFA7714026237E9B0022F226 /* RecipeModel.swift */ = {isa = PBXFileReference; lastKnownFileType = sourcecode.swift; path = RecipeModel.swift; sourceTree = "<group>"; };
		DFA77146262380A80022F226 /* DataService.swift */ = {isa = PBXFileReference; lastKnownFileType = sourcecode.swift; path = DataService.swift; sourceTree = "<group>"; };
		DFA7714A2623874A0022F226 /* RecipeDetailView.swift */ = {isa = PBXFileReference; lastKnownFileType = sourcecode.swift; path = RecipeDetailView.swift; sourceTree = "<group>"; };
/* End PBXFileReference section */

/* Begin PBXFrameworksBuildPhase section */
		DFA7711226237AF60022F226 /* Frameworks */ = {
			isa = PBXFrameworksBuildPhase;
			buildActionMask = 2147483647;
			files = (
			);
			runOnlyForDeploymentPostprocessing = 0;
		};
		DFA7711A26237AF60022F226 /* Frameworks */ = {
			isa = PBXFrameworksBuildPhase;
			buildActionMask = 2147483647;
			files = (
			);
			runOnlyForDeploymentPostprocessing = 0;
		};
/* End PBXFrameworksBuildPhase section */

/* Begin PBXGroup section */
		DFA7710826237AF50022F226 = {
			isa = PBXGroup;
			children = (
				DFA7710D26237AF50022F226 /* Recipe Lists */,
				DFA7711726237AF60022F226 /* iOS */,
				DFA7711E26237AF60022F226 /* macOS */,
				DFA7711626237AF60022F226 /* Products */,
			);
			sourceTree = "<group>";
		};
		DFA7710D26237AF50022F226 /* Recipe Lists */ = {
			isa = PBXGroup;
			children = (
				DFA7710E26237AF50022F226 /* Recipe_ListsApp.swift */,
				DFA7713326237B7D0022F226 /* Views */,
				DFA7713426237B840022F226 /* ViewModels */,
				DFA7713526237B900022F226 /* Models */,
				DFA7713726237BBB0022F226 /* Services */,
				DFA7713626237B990022F226 /* Data */,
				DFA7711026237AF60022F226 /* Assets.xcassets */,
			);
			path = "Recipe Lists";
			sourceTree = "<group>";
		};
		DFA7711626237AF60022F226 /* Products */ = {
			isa = PBXGroup;
			children = (
				DFA7711526237AF60022F226 /* Recipe Lists.app */,
				DFA7711D26237AF60022F226 /* Recipe Lists.app */,
			);
			name = Products;
			sourceTree = "<group>";
		};
		DFA7711726237AF60022F226 /* iOS */ = {
			isa = PBXGroup;
			children = (
				DFA7711826237AF60022F226 /* Info.plist */,
			);
			path = iOS;
			sourceTree = "<group>";
		};
		DFA7711E26237AF60022F226 /* macOS */ = {
			isa = PBXGroup;
			children = (
				DFA7711F26237AF60022F226 /* Info.plist */,
				DFA7712026237AF60022F226 /* macOS.entitlements */,
			);
			path = macOS;
			sourceTree = "<group>";
		};
		DFA7713326237B7D0022F226 /* Views */ = {
			isa = PBXGroup;
			children = (
				DF4A2DAF262437DE009849C8 /* RecipeTabView.swift */,
				DF369AFF262506F90031CB91 /* RecipeFeaturedView.swift */,
				DFA7710F26237AF50022F226 /* RecipeListView.swift */,
				DFA7714A2623874A0022F226 /* RecipeDetailView.swift */,
			);
			path = Views;
			sourceTree = "<group>";
		};
		DFA7713426237B840022F226 /* ViewModels */ = {
			isa = PBXGroup;
			children = (
				DFA7714026237E9B0022F226 /* RecipeModel.swift */,
			);
			path = ViewModels;
			sourceTree = "<group>";
		};
		DFA7713526237B900022F226 /* Models */ = {
			isa = PBXGroup;
			children = (
				DFA7713C26237D300022F226 /* Recipe.swift */,
			);
			path = Models;
			sourceTree = "<group>";
		};
		DFA7713626237B990022F226 /* Data */ = {
			isa = PBXGroup;
			children = (
				DFA7713826237C980022F226 /* recipes.json */,
			);
			path = Data;
			sourceTree = "<group>";
		};
		DFA7713726237BBB0022F226 /* Services */ = {
			isa = PBXGroup;
			children = (
				DFA77146262380A80022F226 /* DataService.swift */,
			);
			path = Services;
			sourceTree = "<group>";
		};
/* End PBXGroup section */

/* Begin PBXNativeTarget section */
		DFA7711426237AF60022F226 /* Recipe Lists (iOS) */ = {
			isa = PBXNativeTarget;
			buildConfigurationList = DFA7712926237AF60022F226 /* Build configuration list for PBXNativeTarget "Recipe Lists (iOS)" */;
			buildPhases = (
				DFA7711126237AF60022F226 /* Sources */,
				DFA7711226237AF60022F226 /* Frameworks */,
				DFA7711326237AF60022F226 /* Resources */,
			);
			buildRules = (
			);
			dependencies = (
			);
			name = "Recipe Lists (iOS)";
			productName = "Recipe Lists (iOS)";
			productReference = DFA7711526237AF60022F226 /* Recipe Lists.app */;
			productType = "com.apple.product-type.application";
		};
		DFA7711C26237AF60022F226 /* Recipe Lists (macOS) */ = {
			isa = PBXNativeTarget;
			buildConfigurationList = DFA7712C26237AF60022F226 /* Build configuration list for PBXNativeTarget "Recipe Lists (macOS)" */;
			buildPhases = (
				DFA7711926237AF60022F226 /* Sources */,
				DFA7711A26237AF60022F226 /* Frameworks */,
				DFA7711B26237AF60022F226 /* Resources */,
			);
			buildRules = (
			);
			dependencies = (
			);
			name = "Recipe Lists (macOS)";
			productName = "Recipe Lists (macOS)";
			productReference = DFA7711D26237AF60022F226 /* Recipe Lists.app */;
			productType = "com.apple.product-type.application";
		};
/* End PBXNativeTarget section */

/* Begin PBXProject section */
		DFA7710926237AF50022F226 /* Project object */ = {
			isa = PBXProject;
			attributes = {
				LastSwiftUpdateCheck = 1240;
				LastUpgradeCheck = 1240;
				TargetAttributes = {
					DFA7711426237AF60022F226 = {
						CreatedOnToolsVersion = 12.4;
					};
					DFA7711C26237AF60022F226 = {
						CreatedOnToolsVersion = 12.4;
					};
				};
			};
			buildConfigurationList = DFA7710C26237AF50022F226 /* Build configuration list for PBXProject "Recipe Lists" */;
			compatibilityVersion = "Xcode 9.3";
			developmentRegion = en;
			hasScannedForEncodings = 0;
			knownRegions = (
				en,
				Base,
			);
			mainGroup = DFA7710826237AF50022F226;
			productRefGroup = DFA7711626237AF60022F226 /* Products */;
			projectDirPath = "";
			projectRoot = "";
			targets = (
				DFA7711426237AF60022F226 /* Recipe Lists (iOS) */,
				DFA7711C26237AF60022F226 /* Recipe Lists (macOS) */,
			);
		};
/* End PBXProject section */

/* Begin PBXResourcesBuildPhase section */
		DFA7711326237AF60022F226 /* Resources */ = {
			isa = PBXResourcesBuildPhase;
			buildActionMask = 2147483647;
			files = (
				DFA7712526237AF60022F226 /* Assets.xcassets in Resources */,
				DFA7713926237C980022F226 /* recipes.json in Resources */,
			);
			runOnlyForDeploymentPostprocessing = 0;
		};
		DFA7711B26237AF60022F226 /* Resources */ = {
			isa = PBXResourcesBuildPhase;
			buildActionMask = 2147483647;
			files = (
				DFA7712626237AF60022F226 /* Assets.xcassets in Resources */,
			);
			runOnlyForDeploymentPostprocessing = 0;
		};
/* End PBXResourcesBuildPhase section */

/* Begin PBXSourcesBuildPhase section */
		DFA7711126237AF60022F226 /* Sources */ = {
			isa = PBXSourcesBuildPhase;
			buildActionMask = 2147483647;
			files = (
				DFA7713D26237D300022F226 /* Recipe.swift in Sources */,
				DFA7714B2623874A0022F226 /* RecipeDetailView.swift in Sources */,
				DFA7714126237E9B0022F226 /* RecipeModel.swift in Sources */,
				DF4A2DB0262437DE009849C8 /* RecipeTabView.swift in Sources */,
				DFA7712326237AF60022F226 /* RecipeListView.swift in Sources */,
				DFA7712126237AF60022F226 /* Recipe_ListsApp.swift in Sources */,
				DF369B00262506F90031CB91 /* RecipeFeaturedView.swift in Sources */,
				DFA77147262380A80022F226 /* DataService.swift in Sources */,
			);
			runOnlyForDeploymentPostprocessing = 0;
		};
		DFA7711926237AF60022F226 /* Sources */ = {
			isa = PBXSourcesBuildPhase;
			buildActionMask = 2147483647;
			files = (
				DFA7712426237AF60022F226 /* RecipeListView.swift in Sources */,
				DFA7712226237AF60022F226 /* Recipe_ListsApp.swift in Sources */,
			);
			runOnlyForDeploymentPostprocessing = 0;
		};
/* End PBXSourcesBuildPhase section */

/* Begin XCBuildConfiguration section */
		DFA7712726237AF60022F226 /* Debug */ = {
			isa = XCBuildConfiguration;
			buildSettings = {
				ALWAYS_SEARCH_USER_PATHS = NO;
				CLANG_ANALYZER_NONNULL = YES;
				CLANG_ANALYZER_NUMBER_OBJECT_CONVERSION = YES_AGGRESSIVE;
				CLANG_CXX_LANGUAGE_STANDARD = "gnu++14";
				CLANG_CXX_LIBRARY = "libc++";
				CLANG_ENABLE_MODULES = YES;
				CLANG_ENABLE_OBJC_ARC = YES;
				CLANG_ENABLE_OBJC_WEAK = YES;
				CLANG_WARN_BLOCK_CAPTURE_AUTORELEASING = YES;
				CLANG_WARN_BOOL_CONVERSION = YES;
				CLANG_WARN_COMMA = YES;
				CLANG_WARN_CONSTANT_CONVERSION = YES;
				CLANG_WARN_DEPRECATED_OBJC_IMPLEMENTATIONS = YES;
				CLANG_WARN_DIRECT_OBJC_ISA_USAGE = YES_ERROR;
				CLANG_WARN_DOCUMENTATION_COMMENTS = YES;
				CLANG_WARN_EMPTY_BODY = YES;
				CLANG_WARN_ENUM_CONVERSION = YES;
				CLANG_WARN_INFINITE_RECURSION = YES;
				CLANG_WARN_INT_CONVERSION = YES;
				CLANG_WARN_NON_LITERAL_NULL_CONVERSION = YES;
				CLANG_WARN_OBJC_IMPLICIT_RETAIN_SELF = YES;
				CLANG_WARN_OBJC_LITERAL_CONVERSION = YES;
				CLANG_WARN_OBJC_ROOT_CLASS = YES_ERROR;
				CLANG_WARN_QUOTED_INCLUDE_IN_FRAMEWORK_HEADER = YES;
				CLANG_WARN_RANGE_LOOP_ANALYSIS = YES;
				CLANG_WARN_STRICT_PROTOTYPES = YES;
				CLANG_WARN_SUSPICIOUS_MOVE = YES;
				CLANG_WARN_UNGUARDED_AVAILABILITY = YES_AGGRESSIVE;
				CLANG_WARN_UNREACHABLE_CODE = YES;
				CLANG_WARN__DUPLICATE_METHOD_MATCH = YES;
				COPY_PHASE_STRIP = NO;
				DEBUG_INFORMATION_FORMAT = dwarf;
				ENABLE_STRICT_OBJC_MSGSEND = YES;
				ENABLE_TESTABILITY = YES;
				GCC_C_LANGUAGE_STANDARD = gnu11;
				GCC_DYNAMIC_NO_PIC = NO;
				GCC_NO_COMMON_BLOCKS = YES;
				GCC_OPTIMIZATION_LEVEL = 0;
				GCC_PREPROCESSOR_DEFINITIONS = (
					"DEBUG=1",
					"$(inherited)",
				);
				GCC_WARN_64_TO_32_BIT_CONVERSION = YES;
				GCC_WARN_ABOUT_RETURN_TYPE = YES_ERROR;
				GCC_WARN_UNDECLARED_SELECTOR = YES;
				GCC_WARN_UNINITIALIZED_AUTOS = YES_AGGRESSIVE;
				GCC_WARN_UNUSED_FUNCTION = YES;
				GCC_WARN_UNUSED_VARIABLE = YES;
				MTL_ENABLE_DEBUG_INFO = INCLUDE_SOURCE;
				MTL_FAST_MATH = YES;
				ONLY_ACTIVE_ARCH = YES;
				SWIFT_ACTIVE_COMPILATION_CONDITIONS = DEBUG;
				SWIFT_OPTIMIZATION_LEVEL = "-Onone";
			};
			name = Debug;
		};
		DFA7712826237AF60022F226 /* Release */ = {
			isa = XCBuildConfiguration;
			buildSettings = {
				ALWAYS_SEARCH_USER_PATHS = NO;
				CLANG_ANALYZER_NONNULL = YES;
				CLANG_ANALYZER_NUMBER_OBJECT_CONVERSION = YES_AGGRESSIVE;
				CLANG_CXX_LANGUAGE_STANDARD = "gnu++14";
				CLANG_CXX_LIBRARY = "libc++";
				CLANG_ENABLE_MODULES = YES;
				CLANG_ENABLE_OBJC_ARC = YES;
				CLANG_ENABLE_OBJC_WEAK = YES;
				CLANG_WARN_BLOCK_CAPTURE_AUTORELEASING = YES;
				CLANG_WARN_BOOL_CONVERSION = YES;
				CLANG_WARN_COMMA = YES;
				CLANG_WARN_CONSTANT_CONVERSION = YES;
				CLANG_WARN_DEPRECATED_OBJC_IMPLEMENTATIONS = YES;
				CLANG_WARN_DIRECT_OBJC_ISA_USAGE = YES_ERROR;
				CLANG_WARN_DOCUMENTATION_COMMENTS = YES;
				CLANG_WARN_EMPTY_BODY = YES;
				CLANG_WARN_ENUM_CONVERSION = YES;
				CLANG_WARN_INFINITE_RECURSION = YES;
				CLANG_WARN_INT_CONVERSION = YES;
				CLANG_WARN_NON_LITERAL_NULL_CONVERSION = YES;
				CLANG_WARN_OBJC_IMPLICIT_RETAIN_SELF = YES;
				CLANG_WARN_OBJC_LITERAL_CONVERSION = YES;
				CLANG_WARN_OBJC_ROOT_CLASS = YES_ERROR;
				CLANG_WARN_QUOTED_INCLUDE_IN_FRAMEWORK_HEADER = YES;
				CLANG_WARN_RANGE_LOOP_ANALYSIS = YES;
				CLANG_WARN_STRICT_PROTOTYPES = YES;
				CLANG_WARN_SUSPICIOUS_MOVE = YES;
				CLANG_WARN_UNGUARDED_AVAILABILITY = YES_AGGRESSIVE;
				CLANG_WARN_UNREACHABLE_CODE = YES;
				CLANG_WARN__DUPLICATE_METHOD_MATCH = YES;
				COPY_PHASE_STRIP = NO;
				DEBUG_INFORMATION_FORMAT = "dwarf-with-dsym";
				ENABLE_NS_ASSERTIONS = NO;
				ENABLE_STRICT_OBJC_MSGSEND = YES;
				GCC_C_LANGUAGE_STANDARD = gnu11;
				GCC_NO_COMMON_BLOCKS = YES;
				GCC_WARN_64_TO_32_BIT_CONVERSION = YES;
				GCC_WARN_ABOUT_RETURN_TYPE = YES_ERROR;
				GCC_WARN_UNDECLARED_SELECTOR = YES;
				GCC_WARN_UNINITIALIZED_AUTOS = YES_AGGRESSIVE;
				GCC_WARN_UNUSED_FUNCTION = YES;
				GCC_WARN_UNUSED_VARIABLE = YES;
				MTL_ENABLE_DEBUG_INFO = NO;
				MTL_FAST_MATH = YES;
				SWIFT_COMPILATION_MODE = wholemodule;
				SWIFT_OPTIMIZATION_LEVEL = "-O";
			};
			name = Release;
		};
		DFA7712A26237AF60022F226 /* Debug */ = {
			isa = XCBuildConfiguration;
			buildSettings = {
				ASSETCATALOG_COMPILER_APPICON_NAME = AppIcon;
				ASSETCATALOG_COMPILER_GLOBAL_ACCENT_COLOR_NAME = AccentColor;
				CODE_SIGN_STYLE = Automatic;
				DEVELOPMENT_TEAM = ZMYD57DHXJ;
				ENABLE_PREVIEWS = YES;
				INFOPLIST_FILE = iOS/Info.plist;
				IPHONEOS_DEPLOYMENT_TARGET = 14.0;
				LD_RUNPATH_SEARCH_PATHS = (
					"$(inherited)",
					"@executable_path/Frameworks",
				);
				PRODUCT_BUNDLE_IDENTIFIER = "com.emiliomarcos.Recipe-Lists";
				PRODUCT_NAME = "Recipe Lists";
				SDKROOT = iphoneos;
				SWIFT_VERSION = 5.0;
				TARGETED_DEVICE_FAMILY = "1,2";
			};
			name = Debug;
		};
		DFA7712B26237AF60022F226 /* Release */ = {
			isa = XCBuildConfiguration;
			buildSettings = {
				ASSETCATALOG_COMPILER_APPICON_NAME = AppIcon;
				ASSETCATALOG_COMPILER_GLOBAL_ACCENT_COLOR_NAME = AccentColor;
				CODE_SIGN_STYLE = Automatic;
				DEVELOPMENT_TEAM = ZMYD57DHXJ;
				ENABLE_PREVIEWS = YES;
				INFOPLIST_FILE = iOS/Info.plist;
				IPHONEOS_DEPLOYMENT_TARGET = 14.0;
				LD_RUNPATH_SEARCH_PATHS = (
					"$(inherited)",
					"@executable_path/Frameworks",
				);
				PRODUCT_BUNDLE_IDENTIFIER = "com.emiliomarcos.Recipe-Lists";
				PRODUCT_NAME = "Recipe Lists";
				SDKROOT = iphoneos;
				SWIFT_VERSION = 5.0;
				TARGETED_DEVICE_FAMILY = "1,2";
				VALIDATE_PRODUCT = YES;
			};
			name = Release;
		};
		DFA7712D26237AF60022F226 /* Debug */ = {
			isa = XCBuildConfiguration;
			buildSettings = {
				ASSETCATALOG_COMPILER_APPICON_NAME = AppIcon;
				ASSETCATALOG_COMPILER_GLOBAL_ACCENT_COLOR_NAME = AccentColor;
				CODE_SIGN_ENTITLEMENTS = macOS/macOS.entitlements;
				CODE_SIGN_STYLE = Automatic;
				COMBINE_HIDPI_IMAGES = YES;
				DEVELOPMENT_TEAM = ZMYD57DHXJ;
				ENABLE_HARDENED_RUNTIME = YES;
				ENABLE_PREVIEWS = YES;
				INFOPLIST_FILE = macOS/Info.plist;
				LD_RUNPATH_SEARCH_PATHS = (
					"$(inherited)",
					"@executable_path/../Frameworks",
				);
				MACOSX_DEPLOYMENT_TARGET = 11.0;
				PRODUCT_BUNDLE_IDENTIFIER = "com.emiliomarcos.Recipe-Lists";
				PRODUCT_NAME = "Recipe Lists";
				SDKROOT = macosx;
				SWIFT_VERSION = 5.0;
			};
			name = Debug;
		};
		DFA7712E26237AF60022F226 /* Release */ = {
			isa = XCBuildConfiguration;
			buildSettings = {
				ASSETCATALOG_COMPILER_APPICON_NAME = AppIcon;
				ASSETCATALOG_COMPILER_GLOBAL_ACCENT_COLOR_NAME = AccentColor;
				CODE_SIGN_ENTITLEMENTS = macOS/macOS.entitlements;
				CODE_SIGN_STYLE = Automatic;
				COMBINE_HIDPI_IMAGES = YES;
				DEVELOPMENT_TEAM = ZMYD57DHXJ;
				ENABLE_HARDENED_RUNTIME = YES;
				ENABLE_PREVIEWS = YES;
				INFOPLIST_FILE = macOS/Info.plist;
				LD_RUNPATH_SEARCH_PATHS = (
					"$(inherited)",
					"@executable_path/../Frameworks",
				);
				MACOSX_DEPLOYMENT_TARGET = 11.0;
				PRODUCT_BUNDLE_IDENTIFIER = "com.emiliomarcos.Recipe-Lists";
				PRODUCT_NAME = "Recipe Lists";
				SDKROOT = macosx;
				SWIFT_VERSION = 5.0;
			};
			name = Release;
		};
/* End XCBuildConfiguration section */

/* Begin XCConfigurationList section */
		DFA7710C26237AF50022F226 /* Build configuration list for PBXProject "Recipe Lists" */ = {
			isa = XCConfigurationList;
			buildConfigurations = (
				DFA7712726237AF60022F226 /* Debug */,
				DFA7712826237AF60022F226 /* Release */,
			);
			defaultConfigurationIsVisible = 0;
			defaultConfigurationName = Release;
		};
		DFA7712926237AF60022F226 /* Build configuration list for PBXNativeTarget "Recipe Lists (iOS)" */ = {
			isa = XCConfigurationList;
			buildConfigurations = (
				DFA7712A26237AF60022F226 /* Debug */,
				DFA7712B26237AF60022F226 /* Release */,
			);
			defaultConfigurationIsVisible = 0;
			defaultConfigurationName = Release;
		};
		DFA7712C26237AF60022F226 /* Build configuration list for PBXNativeTarget "Recipe Lists (macOS)" */ = {
			isa = XCConfigurationList;
			buildConfigurations = (
				DFA7712D26237AF60022F226 /* Debug */,
				DFA7712E26237AF60022F226 /* Release */,
			);
			defaultConfigurationIsVisible = 0;
			defaultConfigurationName = Release;
		};
/* End XCConfigurationList section */
	};
	rootObject = DFA7710926237AF50022F226 /* Project object */;
}
